
Microsoft Visual Studio Solution File, Format Version 12.00
# Visual Studio Version 16
VisualStudioVersion = 16.0.31624.102
MinimumVisualStudioVersion = 10.0.40219.1
Project("{FAE04EC0-301F-11D3-BF4B-00C04F79EFBC}") = "Guess_Number", "Guess_Number\Guess_Number.csproj", "{1E6077D5-37D2-4097-89B9-7D1FBED8F053}"
EndProject
Global
	GlobalSection(SolutionConfigurationPlatforms) = preSolution
		Debug|Any CPU = Debug|Any CPU
		Release|Any CPU = Release|Any CPU
	EndGlobalSection
	GlobalSection(ProjectConfigurationPlatforms) = postSolution
		{1E6077D5-37D2-4097-89B9-7D1FBED8F053}.Debug|Any CPU.ActiveCfg = Debug|Any CPU
		{1E6077D5-37D2-4097-89B9-7D1FBED8F053}.Debug|Any CPU.Build.0 = Debug|Any CPU
		{1E6077D5-37D2-4097-89B9-7D1FBED8F053}.Release|Any CPU.ActiveCfg = Release|Any CPU
		{1E6077D5-37D2-4097-89B9-7D1FBED8F053}.Release|Any CPU.Build.0 = Release|Any CPU
	EndGlobalSection
	GlobalSection(SolutionProperties) = preSolution
		HideSolutionNode = FALSE
	EndGlobalSection
	GlobalSection(ExtensibilityGlobals) = postSolution
		SolutionGuid = {96A76212-53B9-4BB6-9B56-15F15EBE8A0F}
	EndGlobalSection
EndGlobal
